
Microsoft Visual Studio Solution File, Format Version 12.00
# Visual Studio Version 17
VisualStudioVersion = 17.9.34728.123
MinimumVisualStudioVersion = 10.0.40219.1
Project("{FAE04EC0-301F-11D3-BF4B-00C04F79EFBC}") = "ProductConsumingWebApi", "ProductConsumingWebApi\ProductConsumingWebApi.csproj", "{C386E14A-C05F-46E7-8DBB-E52E500D7579}"
EndProject
Global
	GlobalSection(SolutionConfigurationPlatforms) = preSolution
		Debug|Any CPU = Debug|Any CPU
		Release|Any CPU = Release|Any CPU
	EndGlobalSection
	GlobalSection(ProjectConfigurationPlatforms) = postSolution
		{C386E14A-C05F-46E7-8DBB-E52E500D7579}.Debug|Any CPU.ActiveCfg = Debug|Any CPU
		{C386E14A-C05F-46E7-8DBB-E52E500D7579}.Debug|Any CPU.Build.0 = Debug|Any CPU
		{C386E14A-C05F-46E7-8DBB-E52E500D7579}.Release|Any CPU.ActiveCfg = Release|Any CPU
		{C386E14A-C05F-46E7-8DBB-E52E500D7579}.Release|Any CPU.Build.0 = Release|Any CPU
	EndGlobalSection
	GlobalSection(SolutionProperties) = preSolution
		HideSolutionNode = FALSE
	EndGlobalSection
	GlobalSection(ExtensibilityGlobals) = postSolution
		SolutionGuid = {7784DD1A-979B-44F1-9264-0D436489219A}
	EndGlobalSection
EndGlobal
